
Microsoft Visual Studio Solution File, Format Version 12.00
# Visual Studio Version 16
VisualStudioVersion = 16.0.810.20
MinimumVisualStudioVersion = 10.0.40219.1
Project("{FAE04EC0-301F-11D3-BF4B-00C04F79EFBC}") = "FizzBuzzMVC", "FizzBuzzMVC.csproj", "{127E6891-FF89-4457-B2FC-81B4CB77A7FB}"
EndProject
Global
	GlobalSection(SolutionConfigurationPlatforms) = preSolution
		Debug|Any CPU = Debug|Any CPU
		Release|Any CPU = Release|Any CPU
	EndGlobalSection
	GlobalSection(ProjectConfigurationPlatforms) = postSolution
		{127E6891-FF89-4457-B2FC-81B4CB77A7FB}.Debug|Any CPU.ActiveCfg = Debug|Any CPU
		{127E6891-FF89-4457-B2FC-81B4CB77A7FB}.Debug|Any CPU.Build.0 = Debug|Any CPU
		{127E6891-FF89-4457-B2FC-81B4CB77A7FB}.Release|Any CPU.ActiveCfg = Release|Any CPU
		{127E6891-FF89-4457-B2FC-81B4CB77A7FB}.Release|Any CPU.Build.0 = Release|Any CPU
	EndGlobalSection
	GlobalSection(SolutionProperties) = preSolution
		HideSolutionNode = FALSE
	EndGlobalSection
	GlobalSection(ExtensibilityGlobals) = postSolution
		SolutionGuid = {2AFA2305-2FAD-4A74-B6D7-2936BA368D5E}
	EndGlobalSection
EndGlobal
